
Microsoft Visual Studio Solution File, Format Version 12.00
# Visual Studio 15
VisualStudioVersion = 15.0.26124.0
MinimumVisualStudioVersion = 15.0.26124.0
Project("{FAE04EC0-301F-11D3-BF4B-00C04F79EFBC}") = "Erabikata.Backend", "Erabikata.Backend\Erabikata.Backend.csproj", "{2E8318D2-FC00-4895-A011-4813E341675A}"
EndProject
Project("{FAE04EC0-301F-11D3-BF4B-00C04F79EFBC}") = "Erabikata.Tests", "test\Erabikata.Tests.csproj", "{499775E4-7905-4CE5-89A9-3C16AD33578E}"
EndProject
Global
	GlobalSection(SolutionConfigurationPlatforms) = preSolution
		Debug|Any CPU = Debug|Any CPU
		Debug|x64 = Debug|x64
		Debug|x86 = Debug|x86
		Release|Any CPU = Release|Any CPU
		Release|x64 = Release|x64
		Release|x86 = Release|x86
	EndGlobalSection
	GlobalSection(SolutionProperties) = preSolution
		HideSolutionNode = FALSE
	EndGlobalSection
	GlobalSection(ProjectConfigurationPlatforms) = postSolution
		{2E8318D2-FC00-4895-A011-4813E341675A}.Debug|Any CPU.ActiveCfg = Debug|Any CPU
		{2E8318D2-FC00-4895-A011-4813E341675A}.Debug|Any CPU.Build.0 = Debug|Any CPU
		{2E8318D2-FC00-4895-A011-4813E341675A}.Debug|x64.ActiveCfg = Debug|Any CPU
		{2E8318D2-FC00-4895-A011-4813E341675A}.Debug|x64.Build.0 = Debug|Any CPU
		{2E8318D2-FC00-4895-A011-4813E341675A}.Debug|x86.ActiveCfg = Debug|Any CPU
		{2E8318D2-FC00-4895-A011-4813E341675A}.Debug|x86.Build.0 = Debug|Any CPU
		{2E8318D2-FC00-4895-A011-4813E341675A}.Release|Any CPU.ActiveCfg = Release|Any CPU
		{2E8318D2-FC00-4895-A011-4813E341675A}.Release|Any CPU.Build.0 = Release|Any CPU
		{2E8318D2-FC00-4895-A011-4813E341675A}.Release|x64.ActiveCfg = Release|Any CPU
		{2E8318D2-FC00-4895-A011-4813E341675A}.Release|x64.Build.0 = Release|Any CPU
		{2E8318D2-FC00-4895-A011-4813E341675A}.Release|x86.ActiveCfg = Release|Any CPU
		{2E8318D2-FC00-4895-A011-4813E341675A}.Release|x86.Build.0 = Release|Any CPU
		{499775E4-7905-4CE5-89A9-3C16AD33578E}.Debug|Any CPU.ActiveCfg = Debug|Any CPU
		{499775E4-7905-4CE5-89A9-3C16AD33578E}.Debug|Any CPU.Build.0 = Debug|Any CPU
		{499775E4-7905-4CE5-89A9-3C16AD33578E}.Debug|x64.ActiveCfg = Debug|Any CPU
		{499775E4-7905-4CE5-89A9-3C16AD33578E}.Debug|x64.Build.0 = Debug|Any CPU
		{499775E4-7905-4CE5-89A9-3C16AD33578E}.Debug|x86.ActiveCfg = Debug|Any CPU
		{499775E4-7905-4CE5-89A9-3C16AD33578E}.Debug|x86.Build.0 = Debug|Any CPU
		{499775E4-7905-4CE5-89A9-3C16AD33578E}.Release|Any CPU.ActiveCfg = Release|Any CPU
		{499775E4-7905-4CE5-89A9-3C16AD33578E}.Release|Any CPU.Build.0 = Release|Any CPU
		{499775E4-7905-4CE5-89A9-3C16AD33578E}.Release|x64.ActiveCfg = Release|Any CPU
		{499775E4-7905-4CE5-89A9-3C16AD33578E}.Release|x64.Build.0 = Release|Any CPU
		{499775E4-7905-4CE5-89A9-3C16AD33578E}.Release|x86.ActiveCfg = Release|Any CPU
		{499775E4-7905-4CE5-89A9-3C16AD33578E}.Release|x86.Build.0 = Release|Any CPU
	EndGlobalSection
EndGlobal
