{
    "_meta": {
        "hash": {
            "sha256": "d35c26537b182f7915ee76d66a175c414c2bb4f7594665922b83b18efb70feb1"
        },
        "pipfile-spec": 6,
        "requires": {
            "python_version": "3.8"
        },
        "sources": [
            {
                "name": "pypi",
                "url": "https://pypi.org/simple",
                "verify_ssl": true
            }
        ]
    },
    "default": {
        "ass": {
            "hashes": [
                "sha256:f5afd18ce314b739f3ca35e94295fe42a6046c0715448b56bb0efa3bf2efaee1",
                "sha256:f9105a8e853cb1597d081257441fceea9dc8afe2621c232afe86a781b74ad89a"
            ],
            "index": "pypi",
            "version": "==0.5.1"
        },
        "ass-tag-parser": {
            "hashes": [
                "sha256:3dc95cb5391619dce69eea904c4b84ebc8141132da19ff913e18231b3b493849"
            ],
            "index": "pypi",
            "version": "==2.3.1"
        }
    },
    "develop": {
        "autopep8": {
            "hashes": [
                "sha256:d21d3901cb0da6ebd1e83fc9b0dfbde8b46afc2ede4fe32fbda0c7c6118ca094"
            ],
            "index": "pypi",
            "version": "==1.5.4"
        },
        "pycodestyle": {
            "hashes": [
                "sha256:2295e7b2f6b5bd100585ebcb1f616591b652db8a741695b3d8f5d28bdc934367",
                "sha256:c58a7d2815e0e8d7972bf1803331fb0152f867bd89adf8a01dfd55085434192e"
            ],
            "markers": "python_version >= '2.7' and python_version not in '3.0, 3.1, 3.2, 3.3'",
            "version": "==2.6.0"
        },
        "toml": {
            "hashes": [
                "sha256:806143ae5bfb6a3c6e736a764057db0e6a0e05e338b5630894a5f779cabb4f9b",
                "sha256:b3bda1d108d5dd99f4a20d24d9c348e91c4db7ab1b749200bded2f839ccbe68f"
            ],
            "markers": "python_version >= '2.6' and python_version not in '3.0, 3.1, 3.2, 3.3'",
            "version": "==0.10.2"
        }
    }
}
